// !$*UTF8*$!
{
	archiveVersion = 1;
	classes = {
	};
	objectVersion = 50;
	objects = {

/* Begin PBXBuildFile section */
		996D6AB325EF3748007AE0A1 /* AppDelegate.swift in Sources */ = {isa = PBXBuildFile; fileRef = 996D6AB225EF3748007AE0A1 /* AppDelegate.swift */; };
		996D6AB525EF3748007AE0A1 /* SceneDelegate.swift in Sources */ = {isa = PBXBuildFile; fileRef = 996D6AB425EF3748007AE0A1 /* SceneDelegate.swift */; };
		996D6AB725EF3748007AE0A1 /* ViewController.swift in Sources */ = {isa = PBXBuildFile; fileRef = 996D6AB625EF3748007AE0A1 /* ViewController.swift */; };
		996D6ABA25EF3748007AE0A1 /* Main.storyboard in Resources */ = {isa = PBXBuildFile; fileRef = 996D6AB825EF3748007AE0A1 /* Main.storyboard */; };
		996D6ABC25EF3749007AE0A1 /* Assets.xcassets in Resources */ = {isa = PBXBuildFile; fileRef = 996D6ABB25EF3749007AE0A1 /* Assets.xcassets */; };
		996D6ABF25EF3749007AE0A1 /* LaunchScreen.storyboard in Resources */ = {isa = PBXBuildFile; fileRef = 996D6ABD25EF3749007AE0A1 /* LaunchScreen.storyboard */; };
		996D6AE825EF3890007AE0A1 /* APIReference.md in Resources */ = {isa = PBXBuildFile; fileRef = 996D6AE525EF3890007AE0A1 /* APIReference.md */; };
		996D6AE925EF3890007AE0A1 /* Project.md in Resources */ = {isa = PBXBuildFile; fileRef = 996D6AE625EF3890007AE0A1 /* Project.md */; };
		996D6AEA25EF3890007AE0A1 /* README.md in Resources */ = {isa = PBXBuildFile; fileRef = 996D6AE725EF3890007AE0A1 /* README.md */; };
		996D6B0525EF3E76007AE0A1 /* RestaurantResult.swift in Sources */ = {isa = PBXBuildFile; fileRef = 996D6B0425EF3E76007AE0A1 /* RestaurantResult.swift */; };
		996D6B1125EF40FE007AE0A1 /* BaseRequest.swift in Sources */ = {isa = PBXBuildFile; fileRef = 996D6B1025EF40FE007AE0A1 /* BaseRequest.swift */; };
		996D6B1925EF4129007AE0A1 /* BaseService.swift in Sources */ = {isa = PBXBuildFile; fileRef = 996D6B1825EF4129007AE0A1 /* BaseService.swift */; };
		996D6B2625EF463B007AE0A1 /* AnimatedLoader.swift in Sources */ = {isa = PBXBuildFile; fileRef = 996D6B2525EF463B007AE0A1 /* AnimatedLoader.swift */; };
		996D6B2B25EF46A5007AE0A1 /* BaseCodable.swift in Sources */ = {isa = PBXBuildFile; fileRef = 996D6B2A25EF46A5007AE0A1 /* BaseCodable.swift */; };
		996D6B3025EF46DF007AE0A1 /* BaseResponse.swift in Sources */ = {isa = PBXBuildFile; fileRef = 996D6B2F25EF46DF007AE0A1 /* BaseResponse.swift */; };
		996D6B3825EF4915007AE0A1 /* BaseViewController.swift in Sources */ = {isa = PBXBuildFile; fileRef = 996D6B3725EF4915007AE0A1 /* BaseViewController.swift */; };
		996D6B4025EF4A0A007AE0A1 /* RestaurantUtility.swift in Sources */ = {isa = PBXBuildFile; fileRef = 996D6B3F25EF4A0A007AE0A1 /* RestaurantUtility.swift */; };
		996D6B4825EF4B41007AE0A1 /* RestaurantResponse.swift in Sources */ = {isa = PBXBuildFile; fileRef = 996D6B4725EF4B41007AE0A1 /* RestaurantResponse.swift */; };
		996D6B5025EF4B59007AE0A1 /* RestaurantRequest.swift in Sources */ = {isa = PBXBuildFile; fileRef = 996D6B4F25EF4B59007AE0A1 /* RestaurantRequest.swift */; };
		99BF88F225EF6E7100C17AF9 /* ViewControllerDetails.swift in Sources */ = {isa = PBXBuildFile; fileRef = 99BF88F125EF6E7100C17AF9 /* ViewControllerDetails.swift */; };
		99BF88F725EF72A400C17AF9 /* BaseNavigator.swift in Sources */ = {isa = PBXBuildFile; fileRef = 99BF88F625EF72A400C17AF9 /* BaseNavigator.swift */; };
		99BF88FD25EF732D00C17AF9 /* AppConstants.swift in Sources */ = {isa = PBXBuildFile; fileRef = 99BF88FC25EF732D00C17AF9 /* AppConstants.swift */; };
		99BF890625EF73F200C17AF9 /* RestaurauntNavigator.swift in Sources */ = {isa = PBXBuildFile; fileRef = 99BF890525EF73F200C17AF9 /* RestaurauntNavigator.swift */; };
		99BF891125EF7D4F00C17AF9 /* ResturauntNetworkTests.swift in Sources */ = {isa = PBXBuildFile; fileRef = 99BF891025EF7D4F00C17AF9 /* ResturauntNetworkTests.swift */; };
/* End PBXBuildFile section */

/* Begin PBXContainerItemProxy section */
		996D6AC625EF3749007AE0A1 /* PBXContainerItemProxy */ = {
			isa = PBXContainerItemProxy;
			containerPortal = 996D6AA725EF3748007AE0A1 /* Project object */;
			proxyType = 1;
			remoteGlobalIDString = 996D6AAE25EF3748007AE0A1;
			remoteInfo = CloverCodeChallenge;
		};
		996D6AD125EF3749007AE0A1 /* PBXContainerItemProxy */ = {
			isa = PBXContainerItemProxy;
			containerPortal = 996D6AA725EF3748007AE0A1 /* Project object */;
			proxyType = 1;
			remoteGlobalIDString = 996D6AAE25EF3748007AE0A1;
			remoteInfo = CloverCodeChallenge;
		};
/* End PBXContainerItemProxy section */

/* Begin PBXFileReference section */
		996D6AAF25EF3748007AE0A1 /* CloverCodeChallenge.app */ = {isa = PBXFileReference; explicitFileType = wrapper.application; includeInIndex = 0; path = CloverCodeChallenge.app; sourceTree = BUILT_PRODUCTS_DIR; };
		996D6AB225EF3748007AE0A1 /* AppDelegate.swift */ = {isa = PBXFileReference; lastKnownFileType = sourcecode.swift; path = AppDelegate.swift; sourceTree = "<group>"; };
		996D6AB425EF3748007AE0A1 /* SceneDelegate.swift */ = {isa = PBXFileReference; lastKnownFileType = sourcecode.swift; path = SceneDelegate.swift; sourceTree = "<group>"; };
		996D6AB625EF3748007AE0A1 /* ViewController.swift */ = {isa = PBXFileReference; lastKnownFileType = sourcecode.swift; path = ViewController.swift; sourceTree = "<group>"; };
		996D6AB925EF3748007AE0A1 /* Base */ = {isa = PBXFileReference; lastKnownFileType = file.storyboard; name = Base; path = Base.lproj/Main.storyboard; sourceTree = "<group>"; };
		996D6ABB25EF3749007AE0A1 /* Assets.xcassets */ = {isa = PBXFileReference; lastKnownFileType = folder.assetcatalog; path = Assets.xcassets; sourceTree = "<group>"; };
		996D6ABE25EF3749007AE0A1 /* Base */ = {isa = PBXFileReference; lastKnownFileType = file.storyboard; name = Base; path = Base.lproj/LaunchScreen.storyboard; sourceTree = "<group>"; };
		996D6AC025EF3749007AE0A1 /* Info.plist */ = {isa = PBXFileReference; lastKnownFileType = text.plist.xml; path = Info.plist; sourceTree = "<group>"; };
		996D6AC525EF3749007AE0A1 /* CloverCodeChallengeTests.xctest */ = {isa = PBXFileReference; explicitFileType = wrapper.cfbundle; includeInIndex = 0; path = CloverCodeChallengeTests.xctest; sourceTree = BUILT_PRODUCTS_DIR; };
		996D6ACB25EF3749007AE0A1 /* Info.plist */ = {isa = PBXFileReference; lastKnownFileType = text.plist.xml; path = Info.plist; sourceTree = "<group>"; };
		996D6AD025EF3749007AE0A1 /* CloverCodeChallengeUITests.xctest */ = {isa = PBXFileReference; explicitFileType = wrapper.cfbundle; includeInIndex = 0; path = CloverCodeChallengeUITests.xctest; sourceTree = BUILT_PRODUCTS_DIR; };
		996D6AE525EF3890007AE0A1 /* APIReference.md */ = {isa = PBXFileReference; fileEncoding = 4; lastKnownFileType = net.daringfireball.markdown; path = APIReference.md; sourceTree = "<group>"; };
		996D6AE625EF3890007AE0A1 /* Project.md */ = {isa = PBXFileReference; fileEncoding = 4; lastKnownFileType = net.daringfireball.markdown; path = Project.md; sourceTree = "<group>"; };
		996D6AE725EF3890007AE0A1 /* README.md */ = {isa = PBXFileReference; fileEncoding = 4; lastKnownFileType = net.daringfireball.markdown; path = README.md; sourceTree = "<group>"; };
		996D6B0425EF3E76007AE0A1 /* RestaurantResult.swift */ = {isa = PBXFileReference; lastKnownFileType = sourcecode.swift; path = RestaurantResult.swift; sourceTree = "<group>"; };
		996D6B1025EF40FE007AE0A1 /* BaseRequest.swift */ = {isa = PBXFileReference; lastKnownFileType = sourcecode.swift; path = BaseRequest.swift; sourceTree = "<group>"; };
		996D6B1825EF4129007AE0A1 /* BaseService.swift */ = {isa = PBXFileReference; lastKnownFileType = sourcecode.swift; path = BaseService.swift; sourceTree = "<group>"; };
		996D6B2525EF463B007AE0A1 /* AnimatedLoader.swift */ = {isa = PBXFileReference; lastKnownFileType = sourcecode.swift; path = AnimatedLoader.swift; sourceTree = "<group>"; };
		996D6B2A25EF46A5007AE0A1 /* BaseCodable.swift */ = {isa = PBXFileReference; lastKnownFileType = sourcecode.swift; path = BaseCodable.swift; sourceTree = "<group>"; };
		996D6B2F25EF46DF007AE0A1 /* BaseResponse.swift */ = {isa = PBXFileReference; lastKnownFileType = sourcecode.swift; path = BaseResponse.swift; sourceTree = "<group>"; };
		996D6B3725EF4915007AE0A1 /* BaseViewController.swift */ = {isa = PBXFileReference; lastKnownFileType = sourcecode.swift; path = BaseViewController.swift; sourceTree = "<group>"; };
		996D6B3F25EF4A0A007AE0A1 /* RestaurantUtility.swift */ = {isa = PBXFileReference; lastKnownFileType = sourcecode.swift; path = RestaurantUtility.swift; sourceTree = "<group>"; };
		996D6B4725EF4B41007AE0A1 /* RestaurantResponse.swift */ = {isa = PBXFileReference; lastKnownFileType = sourcecode.swift; path = RestaurantResponse.swift; sourceTree = "<group>"; };
		996D6B4F25EF4B59007AE0A1 /* RestaurantRequest.swift */ = {isa = PBXFileReference; lastKnownFileType = sourcecode.swift; path = RestaurantRequest.swift; sourceTree = "<group>"; };
		99BF88F125EF6E7100C17AF9 /* ViewControllerDetails.swift */ = {isa = PBXFileReference; lastKnownFileType = sourcecode.swift; path = ViewControllerDetails.swift; sourceTree = "<group>"; };
		99BF88F625EF72A400C17AF9 /* BaseNavigator.swift */ = {isa = PBXFileReference; lastKnownFileType = sourcecode.swift; path = BaseNavigator.swift; sourceTree = "<group>"; };
		99BF88FC25EF732D00C17AF9 /* AppConstants.swift */ = {isa = PBXFileReference; lastKnownFileType = sourcecode.swift; path = AppConstants.swift; sourceTree = "<group>"; };
		99BF890525EF73F200C17AF9 /* RestaurauntNavigator.swift */ = {isa = PBXFileReference; lastKnownFileType = sourcecode.swift; path = RestaurauntNavigator.swift; sourceTree = "<group>"; };
		99BF891025EF7D4F00C17AF9 /* ResturauntNetworkTests.swift */ = {isa = PBXFileReference; lastKnownFileType = sourcecode.swift; path = ResturauntNetworkTests.swift; sourceTree = "<group>"; };
/* End PBXFileReference section */

/* Begin PBXFrameworksBuildPhase section */
		996D6AAC25EF3748007AE0A1 /* Frameworks */ = {
			isa = PBXFrameworksBuildPhase;
			buildActionMask = 2147483647;
			files = (
			);
			runOnlyForDeploymentPostprocessing = 0;
		};
		996D6AC225EF3749007AE0A1 /* Frameworks */ = {
			isa = PBXFrameworksBuildPhase;
			buildActionMask = 2147483647;
			files = (
			);
			runOnlyForDeploymentPostprocessing = 0;
		};
		996D6ACD25EF3749007AE0A1 /* Frameworks */ = {
			isa = PBXFrameworksBuildPhase;
			buildActionMask = 2147483647;
			files = (
			);
			runOnlyForDeploymentPostprocessing = 0;
		};
/* End PBXFrameworksBuildPhase section */

/* Begin PBXGroup section */
		996D6AA625EF3748007AE0A1 = {
			isa = PBXGroup;
			children = (
				996D6AE525EF3890007AE0A1 /* APIReference.md */,
				996D6AE625EF3890007AE0A1 /* Project.md */,
				996D6AE725EF3890007AE0A1 /* README.md */,
				996D6AB125EF3748007AE0A1 /* CloverCodeChallenge */,
				996D6AC825EF3749007AE0A1 /* CloverCodeChallengeTests */,
				996D6AB025EF3748007AE0A1 /* Products */,
			);
			sourceTree = "<group>";
		};
		996D6AB025EF3748007AE0A1 /* Products */ = {
			isa = PBXGroup;
			children = (
				996D6AAF25EF3748007AE0A1 /* CloverCodeChallenge.app */,
				996D6AC525EF3749007AE0A1 /* CloverCodeChallengeTests.xctest */,
				996D6AD025EF3749007AE0A1 /* CloverCodeChallengeUITests.xctest */,
			);
			name = Products;
			sourceTree = "<group>";
		};
		996D6AB125EF3748007AE0A1 /* CloverCodeChallenge */ = {
			isa = PBXGroup;
			children = (
				996D6AB225EF3748007AE0A1 /* AppDelegate.swift */,
				996D6AB425EF3748007AE0A1 /* SceneDelegate.swift */,
				996D6ABB25EF3749007AE0A1 /* Assets.xcassets */,
				996D6ABD25EF3749007AE0A1 /* LaunchScreen.storyboard */,
				996D6AC025EF3749007AE0A1 /* Info.plist */,
				996D6B0B25EF3FEE007AE0A1 /* Features */,
				996D6B0C25EF3FF7007AE0A1 /* Subsytems */,
			);
			path = CloverCodeChallenge;
			sourceTree = "<group>";
		};
		996D6AC825EF3749007AE0A1 /* CloverCodeChallengeTests */ = {
			isa = PBXGroup;
			children = (
				99BF891025EF7D4F00C17AF9 /* ResturauntNetworkTests.swift */,
				996D6ACB25EF3749007AE0A1 /* Info.plist */,
			);
			path = CloverCodeChallengeTests;
			sourceTree = "<group>";
		};
		996D6AF425EF393E007AE0A1 /* Model */ = {
			isa = PBXGroup;
			children = (
				996D6B0425EF3E76007AE0A1 /* RestaurantResult.swift */,
				996D6B4425EF4AEA007AE0A1 /* Restaurant */,
			);
			path = Model;
			sourceTree = "<group>";
		};
		996D6AF525EF3946007AE0A1 /* View */ = {
			isa = PBXGroup;
			children = (
				996D6AB825EF3748007AE0A1 /* Main.storyboard */,
			);
			path = View;
			sourceTree = "<group>";
		};
		996D6AF625EF394D007AE0A1 /* Controller */ = {
			isa = PBXGroup;
			children = (
				99BF892125EF890900C17AF9 /* BusinessLogic */,
				996D6AB625EF3748007AE0A1 /* ViewController.swift */,
				99BF88F125EF6E7100C17AF9 /* ViewControllerDetails.swift */,
			);
			path = Controller;
			sourceTree = "<group>";
		};
		996D6AF725EF3954007AE0A1 /* RestaurantList */ = {
			isa = PBXGroup;
			children = (
				996D6AF425EF393E007AE0A1 /* Model */,
				996D6AF525EF3946007AE0A1 /* View */,
				996D6AF625EF394D007AE0A1 /* Controller */,
			);
			path = RestaurantList;
			sourceTree = "<group>";
		};
		996D6B0B25EF3FEE007AE0A1 /* Features */ = {
			isa = PBXGroup;
			children = (
				996D6AF725EF3954007AE0A1 /* RestaurantList */,
			);
			path = Features;
			sourceTree = "<group>";
		};
		996D6B0C25EF3FF7007AE0A1 /* Subsytems */ = {
			isa = PBXGroup;
			children = (
				99BF88FB25EF731900C17AF9 /* Constants */,
				996D6B0D25EF408A007AE0A1 /* Base */,
				996D6B0E25EF409C007AE0A1 /* View */,
				996D6B0F25EF40A3007AE0A1 /* Protocols */,
			);
			path = Subsytems;
			sourceTree = "<group>";
		};
		996D6B0D25EF408A007AE0A1 /* Base */ = {
			isa = PBXGroup;
			children = (
				996D6B1025EF40FE007AE0A1 /* BaseRequest.swift */,
				996D6B1825EF4129007AE0A1 /* BaseService.swift */,
				996D6B3725EF4915007AE0A1 /* BaseViewController.swift */,
				99BF88F625EF72A400C17AF9 /* BaseNavigator.swift */,
			);
			path = Base;
			sourceTree = "<group>";
		};
		996D6B0E25EF409C007AE0A1 /* View */ = {
			isa = PBXGroup;
			children = (
				996D6B2525EF463B007AE0A1 /* AnimatedLoader.swift */,
			);
			path = View;
			sourceTree = "<group>";
		};
		996D6B0F25EF40A3007AE0A1 /* Protocols */ = {
			isa = PBXGroup;
			children = (
				996D6B2A25EF46A5007AE0A1 /* BaseCodable.swift */,
				996D6B2F25EF46DF007AE0A1 /* BaseResponse.swift */,
			);
			path = Protocols;
			sourceTree = "<group>";
		};
		996D6B4425EF4AEA007AE0A1 /* Restaurant */ = {
			isa = PBXGroup;
			children = (
				996D6B4525EF4AFF007AE0A1 /* Response */,
				996D6B4625EF4B05007AE0A1 /* Request */,
			);
			path = Restaurant;
			sourceTree = "<group>";
		};
		996D6B4525EF4AFF007AE0A1 /* Response */ = {
			isa = PBXGroup;
			children = (
				996D6B4725EF4B41007AE0A1 /* RestaurantResponse.swift */,
			);
			path = Response;
			sourceTree = "<group>";
		};
		996D6B4625EF4B05007AE0A1 /* Request */ = {
			isa = PBXGroup;
			children = (
				996D6B4F25EF4B59007AE0A1 /* RestaurantRequest.swift */,
			);
			path = Request;
			sourceTree = "<group>";
		};
		99BF88FB25EF731900C17AF9 /* Constants */ = {
			isa = PBXGroup;
			children = (
				99BF88FC25EF732D00C17AF9 /* AppConstants.swift */,
			);
			path = Constants;
			sourceTree = "<group>";
		};
		99BF892125EF890900C17AF9 /* BusinessLogic */ = {
			isa = PBXGroup;
			children = (
				99BF890525EF73F200C17AF9 /* RestaurauntNavigator.swift */,
				996D6B3F25EF4A0A007AE0A1 /* RestaurantUtility.swift */,
			);
			path = BusinessLogic;
			sourceTree = "<group>";
		};
/* End PBXGroup section */

/* Begin PBXNativeTarget section */
		996D6AAE25EF3748007AE0A1 /* CloverCodeChallenge */ = {
			isa = PBXNativeTarget;
			buildConfigurationList = 996D6AD925EF3749007AE0A1 /* Build configuration list for PBXNativeTarget "CloverCodeChallenge" */;
			buildPhases = (
				996D6AAB25EF3748007AE0A1 /* Sources */,
				996D6AAC25EF3748007AE0A1 /* Frameworks */,
				996D6AAD25EF3748007AE0A1 /* Resources */,
			);
			buildRules = (
			);
			dependencies = (
			);
			name = CloverCodeChallenge;
			productName = CloverCodeChallenge;
			productReference = 996D6AAF25EF3748007AE0A1 /* CloverCodeChallenge.app */;
			productType = "com.apple.product-type.application";
		};
		996D6AC425EF3749007AE0A1 /* CloverCodeChallengeTests */ = {
			isa = PBXNativeTarget;
			buildConfigurationList = 996D6ADC25EF3749007AE0A1 /* Build configuration list for PBXNativeTarget "CloverCodeChallengeTests" */;
			buildPhases = (
				996D6AC125EF3749007AE0A1 /* Sources */,
				996D6AC225EF3749007AE0A1 /* Frameworks */,
				996D6AC325EF3749007AE0A1 /* Resources */,
			);
			buildRules = (
			);
			dependencies = (
				996D6AC725EF3749007AE0A1 /* PBXTargetDependency */,
			);
			name = CloverCodeChallengeTests;
			productName = CloverCodeChallengeTests;
			productReference = 996D6AC525EF3749007AE0A1 /* CloverCodeChallengeTests.xctest */;
			productType = "com.apple.product-type.bundle.unit-test";
		};
		996D6ACF25EF3749007AE0A1 /* CloverCodeChallengeUITests */ = {
			isa = PBXNativeTarget;
			buildConfigurationList = 996D6ADF25EF3749007AE0A1 /* Build configuration list for PBXNativeTarget "CloverCodeChallengeUITests" */;
			buildPhases = (
				996D6ACC25EF3749007AE0A1 /* Sources */,
				996D6ACD25EF3749007AE0A1 /* Frameworks */,
				996D6ACE25EF3749007AE0A1 /* Resources */,
			);
			buildRules = (
			);
			dependencies = (
				996D6AD225EF3749007AE0A1 /* PBXTargetDependency */,
			);
			name = CloverCodeChallengeUITests;
			productName = CloverCodeChallengeUITests;
			productReference = 996D6AD025EF3749007AE0A1 /* CloverCodeChallengeUITests.xctest */;
			productType = "com.apple.product-type.bundle.ui-testing";
		};
/* End PBXNativeTarget section */

/* Begin PBXProject section */
		996D6AA725EF3748007AE0A1 /* Project object */ = {
			isa = PBXProject;
			attributes = {
				LastSwiftUpdateCheck = 1240;
				LastUpgradeCheck = 1240;
				TargetAttributes = {
					996D6AAE25EF3748007AE0A1 = {
						CreatedOnToolsVersion = 12.4;
					};
					996D6AC425EF3749007AE0A1 = {
						CreatedOnToolsVersion = 12.4;
						TestTargetID = 996D6AAE25EF3748007AE0A1;
					};
					996D6ACF25EF3749007AE0A1 = {
						CreatedOnToolsVersion = 12.4;
						TestTargetID = 996D6AAE25EF3748007AE0A1;
					};
				};
			};
			buildConfigurationList = 996D6AAA25EF3748007AE0A1 /* Build configuration list for PBXProject "CloverCodeChallenge" */;
			compatibilityVersion = "Xcode 9.3";
			developmentRegion = en;
			hasScannedForEncodings = 0;
			knownRegions = (
				en,
				Base,
			);
			mainGroup = 996D6AA625EF3748007AE0A1;
			productRefGroup = 996D6AB025EF3748007AE0A1 /* Products */;
			projectDirPath = "";
			projectRoot = "";
			targets = (
				996D6AAE25EF3748007AE0A1 /* CloverCodeChallenge */,
				996D6AC425EF3749007AE0A1 /* CloverCodeChallengeTests */,
				996D6ACF25EF3749007AE0A1 /* CloverCodeChallengeUITests */,
			);
		};
/* End PBXProject section */

/* Begin PBXResourcesBuildPhase section */
		996D6AAD25EF3748007AE0A1 /* Resources */ = {
			isa = PBXResourcesBuildPhase;
			buildActionMask = 2147483647;
			files = (
				996D6AEA25EF3890007AE0A1 /* README.md in Resources */,
				996D6AE925EF3890007AE0A1 /* Project.md in Resources */,
				996D6ABF25EF3749007AE0A1 /* LaunchScreen.storyboard in Resources */,
				996D6ABC25EF3749007AE0A1 /* Assets.xcassets in Resources */,
				996D6ABA25EF3748007AE0A1 /* Main.storyboard in Resources */,
				996D6AE825EF3890007AE0A1 /* APIReference.md in Resources */,
			);
			runOnlyForDeploymentPostprocessing = 0;
		};
		996D6AC325EF3749007AE0A1 /* Resources */ = {
			isa = PBXResourcesBuildPhase;
			buildActionMask = 2147483647;
			files = (
			);
			runOnlyForDeploymentPostprocessing = 0;
		};
		996D6ACE25EF3749007AE0A1 /* Resources */ = {
			isa = PBXResourcesBuildPhase;
			buildActionMask = 2147483647;
			files = (
			);
			runOnlyForDeploymentPostprocessing = 0;
		};
/* End PBXResourcesBuildPhase section */

/* Begin PBXSourcesBuildPhase section */
		996D6AAB25EF3748007AE0A1 /* Sources */ = {
			isa = PBXSourcesBuildPhase;
			buildActionMask = 2147483647;
			files = (
				996D6B0525EF3E76007AE0A1 /* RestaurantResult.swift in Sources */,
				996D6B5025EF4B59007AE0A1 /* RestaurantRequest.swift in Sources */,
				996D6B2625EF463B007AE0A1 /* AnimatedLoader.swift in Sources */,
				99BF88F225EF6E7100C17AF9 /* ViewControllerDetails.swift in Sources */,
				99BF890625EF73F200C17AF9 /* RestaurauntNavigator.swift in Sources */,
				996D6B3825EF4915007AE0A1 /* BaseViewController.swift in Sources */,
				996D6AB725EF3748007AE0A1 /* ViewController.swift in Sources */,
				996D6B1125EF40FE007AE0A1 /* BaseRequest.swift in Sources */,
				996D6B3025EF46DF007AE0A1 /* BaseResponse.swift in Sources */,
				996D6B4025EF4A0A007AE0A1 /* RestaurantUtility.swift in Sources */,
				996D6B4825EF4B41007AE0A1 /* RestaurantResponse.swift in Sources */,
				996D6B2B25EF46A5007AE0A1 /* BaseCodable.swift in Sources */,
				99BF88FD25EF732D00C17AF9 /* AppConstants.swift in Sources */,
				996D6B1925EF4129007AE0A1 /* BaseService.swift in Sources */,
				996D6AB325EF3748007AE0A1 /* AppDelegate.swift in Sources */,
				996D6AB525EF3748007AE0A1 /* SceneDelegate.swift in Sources */,
				99BF88F725EF72A400C17AF9 /* BaseNavigator.swift in Sources */,
			);
			runOnlyForDeploymentPostprocessing = 0;
		};
		996D6AC125EF3749007AE0A1 /* Sources */ = {
			isa = PBXSourcesBuildPhase;
			buildActionMask = 2147483647;
			files = (
				99BF891125EF7D4F00C17AF9 /* ResturauntNetworkTests.swift in Sources */,
			);
			runOnlyForDeploymentPostprocessing = 0;
		};
		996D6ACC25EF3749007AE0A1 /* Sources */ = {
			isa = PBXSourcesBuildPhase;
			buildActionMask = 2147483647;
			files = (
			);
			runOnlyForDeploymentPostprocessing = 0;
		};
/* End PBXSourcesBuildPhase section */

/* Begin PBXTargetDependency section */
		996D6AC725EF3749007AE0A1 /* PBXTargetDependency */ = {
			isa = PBXTargetDependency;
			target = 996D6AAE25EF3748007AE0A1 /* CloverCodeChallenge */;
			targetProxy = 996D6AC625EF3749007AE0A1 /* PBXContainerItemProxy */;
		};
		996D6AD225EF3749007AE0A1 /* PBXTargetDependency */ = {
			isa = PBXTargetDependency;
			target = 996D6AAE25EF3748007AE0A1 /* CloverCodeChallenge */;
			targetProxy = 996D6AD125EF3749007AE0A1 /* PBXContainerItemProxy */;
		};
/* End PBXTargetDependency section */

/* Begin PBXVariantGroup section */
		996D6AB825EF3748007AE0A1 /* Main.storyboard */ = {
			isa = PBXVariantGroup;
			children = (
				996D6AB925EF3748007AE0A1 /* Base */,
			);
			name = Main.storyboard;
			sourceTree = "<group>";
		};
		996D6ABD25EF3749007AE0A1 /* LaunchScreen.storyboard */ = {
			isa = PBXVariantGroup;
			children = (
				996D6ABE25EF3749007AE0A1 /* Base */,
			);
			name = LaunchScreen.storyboard;
			sourceTree = "<group>";
		};
/* End PBXVariantGroup section */

/* Begin XCBuildConfiguration section */
		996D6AD725EF3749007AE0A1 /* Debug */ = {
			isa = XCBuildConfiguration;
			buildSettings = {
				ALWAYS_SEARCH_USER_PATHS = NO;
				CLANG_ANALYZER_NONNULL = YES;
				CLANG_ANALYZER_NUMBER_OBJECT_CONVERSION = YES_AGGRESSIVE;
				CLANG_CXX_LANGUAGE_STANDARD = "gnu++14";
				CLANG_CXX_LIBRARY = "libc++";
				CLANG_ENABLE_MODULES = YES;
				CLANG_ENABLE_OBJC_ARC = YES;
				CLANG_ENABLE_OBJC_WEAK = YES;
				CLANG_WARN_BLOCK_CAPTURE_AUTORELEASING = YES;
				CLANG_WARN_BOOL_CONVERSION = YES;
				CLANG_WARN_COMMA = YES;
				CLANG_WARN_CONSTANT_CONVERSION = YES;
				CLANG_WARN_DEPRECATED_OBJC_IMPLEMENTATIONS = YES;
				CLANG_WARN_DIRECT_OBJC_ISA_USAGE = YES_ERROR;
				CLANG_WARN_DOCUMENTATION_COMMENTS = YES;
				CLANG_WARN_EMPTY_BODY = YES;
				CLANG_WARN_ENUM_CONVERSION = YES;
				CLANG_WARN_INFINITE_RECURSION = YES;
				CLANG_WARN_INT_CONVERSION = YES;
				CLANG_WARN_NON_LITERAL_NULL_CONVERSION = YES;
				CLANG_WARN_OBJC_IMPLICIT_RETAIN_SELF = YES;
				CLANG_WARN_OBJC_LITERAL_CONVERSION = YES;
				CLANG_WARN_OBJC_ROOT_CLASS = YES_ERROR;
				CLANG_WARN_QUOTED_INCLUDE_IN_FRAMEWORK_HEADER = YES;
				CLANG_WARN_RANGE_LOOP_ANALYSIS = YES;
				CLANG_WARN_STRICT_PROTOTYPES = YES;
				CLANG_WARN_SUSPICIOUS_MOVE = YES;
				CLANG_WARN_UNGUARDED_AVAILABILITY = YES_AGGRESSIVE;
				CLANG_WARN_UNREACHABLE_CODE = YES;
				CLANG_WARN__DUPLICATE_METHOD_MATCH = YES;
				COPY_PHASE_STRIP = NO;
				DEBUG_INFORMATION_FORMAT = dwarf;
				ENABLE_STRICT_OBJC_MSGSEND = YES;
				ENABLE_TESTABILITY = YES;
				GCC_C_LANGUAGE_STANDARD = gnu11;
				GCC_DYNAMIC_NO_PIC = NO;
				GCC_NO_COMMON_BLOCKS = YES;
				GCC_OPTIMIZATION_LEVEL = 0;
				GCC_PREPROCESSOR_DEFINITIONS = (
					"DEBUG=1",
					"$(inherited)",
				);
				GCC_WARN_64_TO_32_BIT_CONVERSION = YES;
				GCC_WARN_ABOUT_RETURN_TYPE = YES_ERROR;
				GCC_WARN_UNDECLARED_SELECTOR = YES;
				GCC_WARN_UNINITIALIZED_AUTOS = YES_AGGRESSIVE;
				GCC_WARN_UNUSED_FUNCTION = YES;
				GCC_WARN_UNUSED_VARIABLE = YES;
				IPHONEOS_DEPLOYMENT_TARGET = 13.6;
				MTL_ENABLE_DEBUG_INFO = INCLUDE_SOURCE;
				MTL_FAST_MATH = YES;
				ONLY_ACTIVE_ARCH = YES;
				SDKROOT = iphoneos;
				SWIFT_ACTIVE_COMPILATION_CONDITIONS = DEBUG;
				SWIFT_OPTIMIZATION_LEVEL = "-Onone";
			};
			name = Debug;
		};
		996D6AD825EF3749007AE0A1 /* Release */ = {
			isa = XCBuildConfiguration;
			buildSettings = {
				ALWAYS_SEARCH_USER_PATHS = NO;
				CLANG_ANALYZER_NONNULL = YES;
				CLANG_ANALYZER_NUMBER_OBJECT_CONVERSION = YES_AGGRESSIVE;
				CLANG_CXX_LANGUAGE_STANDARD = "gnu++14";
				CLANG_CXX_LIBRARY = "libc++";
				CLANG_ENABLE_MODULES = YES;
				CLANG_ENABLE_OBJC_ARC = YES;
				CLANG_ENABLE_OBJC_WEAK = YES;
				CLANG_WARN_BLOCK_CAPTURE_AUTORELEASING = YES;
				CLANG_WARN_BOOL_CONVERSION = YES;
				CLANG_WARN_COMMA = YES;
				CLANG_WARN_CONSTANT_CONVERSION = YES;
				CLANG_WARN_DEPRECATED_OBJC_IMPLEMENTATIONS = YES;
				CLANG_WARN_DIRECT_OBJC_ISA_USAGE = YES_ERROR;
				CLANG_WARN_DOCUMENTATION_COMMENTS = YES;
				CLANG_WARN_EMPTY_BODY = YES;
				CLANG_WARN_ENUM_CONVERSION = YES;
				CLANG_WARN_INFINITE_RECURSION = YES;
				CLANG_WARN_INT_CONVERSION = YES;
				CLANG_WARN_NON_LITERAL_NULL_CONVERSION = YES;
				CLANG_WARN_OBJC_IMPLICIT_RETAIN_SELF = YES;
				CLANG_WARN_OBJC_LITERAL_CONVERSION = YES;
				CLANG_WARN_OBJC_ROOT_CLASS = YES_ERROR;
				CLANG_WARN_QUOTED_INCLUDE_IN_FRAMEWORK_HEADER = YES;
				CLANG_WARN_RANGE_LOOP_ANALYSIS = YES;
				CLANG_WARN_STRICT_PROTOTYPES = YES;
				CLANG_WARN_SUSPICIOUS_MOVE = YES;
				CLANG_WARN_UNGUARDED_AVAILABILITY = YES_AGGRESSIVE;
				CLANG_WARN_UNREACHABLE_CODE = YES;
				CLANG_WARN__DUPLICATE_METHOD_MATCH = YES;
				COPY_PHASE_STRIP = NO;
				DEBUG_INFORMATION_FORMAT = "dwarf-with-dsym";
				ENABLE_NS_ASSERTIONS = NO;
				ENABLE_STRICT_OBJC_MSGSEND = YES;
				GCC_C_LANGUAGE_STANDARD = gnu11;
				GCC_NO_COMMON_BLOCKS = YES;
				GCC_WARN_64_TO_32_BIT_CONVERSION = YES;
				GCC_WARN_ABOUT_RETURN_TYPE = YES_ERROR;
				GCC_WARN_UNDECLARED_SELECTOR = YES;
				GCC_WARN_UNINITIALIZED_AUTOS = YES_AGGRESSIVE;
				GCC_WARN_UNUSED_FUNCTION = YES;
				GCC_WARN_UNUSED_VARIABLE = YES;
				IPHONEOS_DEPLOYMENT_TARGET = 13.6;
				MTL_ENABLE_DEBUG_INFO = NO;
				MTL_FAST_MATH = YES;
				SDKROOT = iphoneos;
				SWIFT_COMPILATION_MODE = wholemodule;
				SWIFT_OPTIMIZATION_LEVEL = "-O";
				VALIDATE_PRODUCT = YES;
			};
			name = Release;
		};
		996D6ADA25EF3749007AE0A1 /* Debug */ = {
			isa = XCBuildConfiguration;
			buildSettings = {
				ASSETCATALOG_COMPILER_APPICON_NAME = AppIcon;
				ASSETCATALOG_COMPILER_GLOBAL_ACCENT_COLOR_NAME = AccentColor;
				CODE_SIGN_STYLE = Automatic;
				DEVELOPMENT_TEAM = 9KJ59DSH6L;
				INFOPLIST_FILE = CloverCodeChallenge/Info.plist;
				LD_RUNPATH_SEARCH_PATHS = (
					"$(inherited)",
					"@executable_path/Frameworks",
				);
				PRODUCT_BUNDLE_IDENTIFIER = com.DanielSpady.CloverCodeChallenge;
				PRODUCT_NAME = "$(TARGET_NAME)";
				SWIFT_VERSION = 5.0;
				TARGETED_DEVICE_FAMILY = "1,2";
			};
			name = Debug;
		};
		996D6ADB25EF3749007AE0A1 /* Release */ = {
			isa = XCBuildConfiguration;
			buildSettings = {
				ASSETCATALOG_COMPILER_APPICON_NAME = AppIcon;
				ASSETCATALOG_COMPILER_GLOBAL_ACCENT_COLOR_NAME = AccentColor;
				CODE_SIGN_STYLE = Automatic;
				DEVELOPMENT_TEAM = 9KJ59DSH6L;
				INFOPLIST_FILE = CloverCodeChallenge/Info.plist;
				LD_RUNPATH_SEARCH_PATHS = (
					"$(inherited)",
					"@executable_path/Frameworks",
				);
				PRODUCT_BUNDLE_IDENTIFIER = com.DanielSpady.CloverCodeChallenge;
				PRODUCT_NAME = "$(TARGET_NAME)";
				SWIFT_VERSION = 5.0;
				TARGETED_DEVICE_FAMILY = "1,2";
			};
			name = Release;
		};
		996D6ADD25EF3749007AE0A1 /* Debug */ = {
			isa = XCBuildConfiguration;
			buildSettings = {
				ALWAYS_EMBED_SWIFT_STANDARD_LIBRARIES = YES;
				BUNDLE_LOADER = "$(TEST_HOST)";
				CODE_SIGN_STYLE = Automatic;
				INFOPLIST_FILE = CloverCodeChallengeTests/Info.plist;
				IPHONEOS_DEPLOYMENT_TARGET = 14.4;
				LD_RUNPATH_SEARCH_PATHS = (
					"$(inherited)",
					"@executable_path/Frameworks",
					"@loader_path/Frameworks",
				);
				PRODUCT_BUNDLE_IDENTIFIER = com.DanielSpady.CloverCodeChallengeTests;
				PRODUCT_NAME = "$(TARGET_NAME)";
				SWIFT_VERSION = 5.0;
				TARGETED_DEVICE_FAMILY = "1,2";
				TEST_HOST = "$(BUILT_PRODUCTS_DIR)/CloverCodeChallenge.app/CloverCodeChallenge";
			};
			name = Debug;
		};
		996D6ADE25EF3749007AE0A1 /* Release */ = {
			isa = XCBuildConfiguration;
			buildSettings = {
				ALWAYS_EMBED_SWIFT_STANDARD_LIBRARIES = YES;
				BUNDLE_LOADER = "$(TEST_HOST)";
				CODE_SIGN_STYLE = Automatic;
				INFOPLIST_FILE = CloverCodeChallengeTests/Info.plist;
				IPHONEOS_DEPLOYMENT_TARGET = 14.4;
				LD_RUNPATH_SEARCH_PATHS = (
					"$(inherited)",
					"@executable_path/Frameworks",
					"@loader_path/Frameworks",
				);
				PRODUCT_BUNDLE_IDENTIFIER = com.DanielSpady.CloverCodeChallengeTests;
				PRODUCT_NAME = "$(TARGET_NAME)";
				SWIFT_VERSION = 5.0;
				TARGETED_DEVICE_FAMILY = "1,2";
				TEST_HOST = "$(BUILT_PRODUCTS_DIR)/CloverCodeChallenge.app/CloverCodeChallenge";
			};
			name = Release;
		};
		996D6AE025EF3749007AE0A1 /* Debug */ = {
			isa = XCBuildConfiguration;
			buildSettings = {
				ALWAYS_EMBED_SWIFT_STANDARD_LIBRARIES = YES;
				CODE_SIGN_STYLE = Automatic;
				INFOPLIST_FILE = CloverCodeChallengeUITests/Info.plist;
				LD_RUNPATH_SEARCH_PATHS = (
					"$(inherited)",
					"@executable_path/Frameworks",
					"@loader_path/Frameworks",
				);
				PRODUCT_BUNDLE_IDENTIFIER = com.DanielSpady.CloverCodeChallengeUITests;
				PRODUCT_NAME = "$(TARGET_NAME)";
				SWIFT_VERSION = 5.0;
				TARGETED_DEVICE_FAMILY = "1,2";
				TEST_TARGET_NAME = CloverCodeChallenge;
			};
			name = Debug;
		};
		996D6AE125EF3749007AE0A1 /* Release */ = {
			isa = XCBuildConfiguration;
			buildSettings = {
				ALWAYS_EMBED_SWIFT_STANDARD_LIBRARIES = YES;
				CODE_SIGN_STYLE = Automatic;
				INFOPLIST_FILE = CloverCodeChallengeUITests/Info.plist;
				LD_RUNPATH_SEARCH_PATHS = (
					"$(inherited)",
					"@executable_path/Frameworks",
					"@loader_path/Frameworks",
				);
				PRODUCT_BUNDLE_IDENTIFIER = com.DanielSpady.CloverCodeChallengeUITests;
				PRODUCT_NAME = "$(TARGET_NAME)";
				SWIFT_VERSION = 5.0;
				TARGETED_DEVICE_FAMILY = "1,2";
				TEST_TARGET_NAME = CloverCodeChallenge;
			};
			name = Release;
		};
/* End XCBuildConfiguration section */

/* Begin XCConfigurationList section */
		996D6AAA25EF3748007AE0A1 /* Build configuration list for PBXProject "CloverCodeChallenge" */ = {
			isa = XCConfigurationList;
			buildConfigurations = (
				996D6AD725EF3749007AE0A1 /* Debug */,
				996D6AD825EF3749007AE0A1 /* Release */,
			);
			defaultConfigurationIsVisible = 0;
			defaultConfigurationName = Release;
		};
		996D6AD925EF3749007AE0A1 /* Build configuration list for PBXNativeTarget "CloverCodeChallenge" */ = {
			isa = XCConfigurationList;
			buildConfigurations = (
				996D6ADA25EF3749007AE0A1 /* Debug */,
				996D6ADB25EF3749007AE0A1 /* Release */,
			);
			defaultConfigurationIsVisible = 0;
			defaultConfigurationName = Release;
		};
		996D6ADC25EF3749007AE0A1 /* Build configuration list for PBXNativeTarget "CloverCodeChallengeTests" */ = {
			isa = XCConfigurationList;
			buildConfigurations = (
				996D6ADD25EF3749007AE0A1 /* Debug */,
				996D6ADE25EF3749007AE0A1 /* Release */,
			);
			defaultConfigurationIsVisible = 0;
			defaultConfigurationName = Release;
		};
		996D6ADF25EF3749007AE0A1 /* Build configuration list for PBXNativeTarget "CloverCodeChallengeUITests" */ = {
			isa = XCConfigurationList;
			buildConfigurations = (
				996D6AE025EF3749007AE0A1 /* Debug */,
				996D6AE125EF3749007AE0A1 /* Release */,
			);
			defaultConfigurationIsVisible = 0;
			defaultConfigurationName = Release;
		};
/* End XCConfigurationList section */
	};
	rootObject = 996D6AA725EF3748007AE0A1 /* Project object */;
}
